
Microsoft Visual Studio Solution File, Format Version 12.00
# Visual Studio Version 16
VisualStudioVersion = 16.0.30621.155
MinimumVisualStudioVersion = 10.0.40219.1
Project("{FAE04EC0-301F-11D3-BF4B-00C04F79EFBC}") = "creditCardBackend", "creditCardBackend\creditCardBackend.csproj", "{C89771E4-3121-49D5-842B-E4C2029ACF5A}"
EndProject
Global
	GlobalSection(SolutionConfigurationPlatforms) = preSolution
		Debug|Any CPU = Debug|Any CPU
		Release|Any CPU = Release|Any CPU
	EndGlobalSection
	GlobalSection(ProjectConfigurationPlatforms) = postSolution
		{C89771E4-3121-49D5-842B-E4C2029ACF5A}.Debug|Any CPU.ActiveCfg = Debug|Any CPU
		{C89771E4-3121-49D5-842B-E4C2029ACF5A}.Debug|Any CPU.Build.0 = Debug|Any CPU
		{C89771E4-3121-49D5-842B-E4C2029ACF5A}.Release|Any CPU.ActiveCfg = Release|Any CPU
		{C89771E4-3121-49D5-842B-E4C2029ACF5A}.Release|Any CPU.Build.0 = Release|Any CPU
	EndGlobalSection
	GlobalSection(SolutionProperties) = preSolution
		HideSolutionNode = FALSE
	EndGlobalSection
	GlobalSection(ExtensibilityGlobals) = postSolution
		SolutionGuid = {297D3225-5D1A-4D70-B19C-A750DB426337}
	EndGlobalSection
EndGlobal
